
Microsoft Visual Studio Solution File, Format Version 12.00
# Visual Studio Version 16
VisualStudioVersion = 16.0.30114.105
MinimumVisualStudioVersion = 10.0.40219.1
Project("{FAE04EC0-301F-11D3-BF4B-00C04F79EFBC}") = "Kwtc.Persistence", "Kwtc.Persistence\Kwtc.Persistence.csproj", "{32C4B2B7-C828-485B-B91A-491D59808BAE}"
EndProject
Project("{FAE04EC0-301F-11D3-BF4B-00C04F79EFBC}") = "Kwtc.Persistence.Tests", "Kwtc.Persistence.Tests\Kwtc.Persistence.Tests.csproj", "{78D9F6E5-166F-4FBE-95B0-1FEE7ECBCF54}"
EndProject
Global
	GlobalSection(SolutionConfigurationPlatforms) = preSolution
		Debug|Any CPU = Debug|Any CPU
		Debug|x64 = Debug|x64
		Debug|x86 = Debug|x86
		Release|Any CPU = Release|Any CPU
		Release|x64 = Release|x64
		Release|x86 = Release|x86
	EndGlobalSection
	GlobalSection(SolutionProperties) = preSolution
		HideSolutionNode = FALSE
	EndGlobalSection
	GlobalSection(ProjectConfigurationPlatforms) = postSolution
		{32C4B2B7-C828-485B-B91A-491D59808BAE}.Debug|Any CPU.ActiveCfg = Debug|Any CPU
		{32C4B2B7-C828-485B-B91A-491D59808BAE}.Debug|Any CPU.Build.0 = Debug|Any CPU
		{32C4B2B7-C828-485B-B91A-491D59808BAE}.Debug|x64.ActiveCfg = Debug|Any CPU
		{32C4B2B7-C828-485B-B91A-491D59808BAE}.Debug|x64.Build.0 = Debug|Any CPU
		{32C4B2B7-C828-485B-B91A-491D59808BAE}.Debug|x86.ActiveCfg = Debug|Any CPU
		{32C4B2B7-C828-485B-B91A-491D59808BAE}.Debug|x86.Build.0 = Debug|Any CPU
		{32C4B2B7-C828-485B-B91A-491D59808BAE}.Release|Any CPU.ActiveCfg = Release|Any CPU
		{32C4B2B7-C828-485B-B91A-491D59808BAE}.Release|Any CPU.Build.0 = Release|Any CPU
		{32C4B2B7-C828-485B-B91A-491D59808BAE}.Release|x64.ActiveCfg = Release|Any CPU
		{32C4B2B7-C828-485B-B91A-491D59808BAE}.Release|x64.Build.0 = Release|Any CPU
		{32C4B2B7-C828-485B-B91A-491D59808BAE}.Release|x86.ActiveCfg = Release|Any CPU
		{32C4B2B7-C828-485B-B91A-491D59808BAE}.Release|x86.Build.0 = Release|Any CPU
		{78D9F6E5-166F-4FBE-95B0-1FEE7ECBCF54}.Debug|Any CPU.ActiveCfg = Debug|Any CPU
		{78D9F6E5-166F-4FBE-95B0-1FEE7ECBCF54}.Debug|Any CPU.Build.0 = Debug|Any CPU
		{78D9F6E5-166F-4FBE-95B0-1FEE7ECBCF54}.Debug|x64.ActiveCfg = Debug|Any CPU
		{78D9F6E5-166F-4FBE-95B0-1FEE7ECBCF54}.Debug|x64.Build.0 = Debug|Any CPU
		{78D9F6E5-166F-4FBE-95B0-1FEE7ECBCF54}.Debug|x86.ActiveCfg = Debug|Any CPU
		{78D9F6E5-166F-4FBE-95B0-1FEE7ECBCF54}.Debug|x86.Build.0 = Debug|Any CPU
		{78D9F6E5-166F-4FBE-95B0-1FEE7ECBCF54}.Release|Any CPU.ActiveCfg = Release|Any CPU
		{78D9F6E5-166F-4FBE-95B0-1FEE7ECBCF54}.Release|Any CPU.Build.0 = Release|Any CPU
		{78D9F6E5-166F-4FBE-95B0-1FEE7ECBCF54}.Release|x64.ActiveCfg = Release|Any CPU
		{78D9F6E5-166F-4FBE-95B0-1FEE7ECBCF54}.Release|x64.Build.0 = Release|Any CPU
		{78D9F6E5-166F-4FBE-95B0-1FEE7ECBCF54}.Release|x86.ActiveCfg = Release|Any CPU
		{78D9F6E5-166F-4FBE-95B0-1FEE7ECBCF54}.Release|x86.Build.0 = Release|Any CPU
	EndGlobalSection
EndGlobal
